
Microsoft Visual Studio Solution File, Format Version 12.00
# Visual Studio Version 17
VisualStudioVersion = 17.3.32929.385
MinimumVisualStudioVersion = 10.0.40219.1
Project("{FAE04EC0-301F-11D3-BF4B-00C04F79EFBC}") = "lab_task_10", "lab_task_10.csproj", "{4206DBAA-B70C-4202-9DB4-F93D9639E550}"
EndProject
Global
	GlobalSection(SolutionConfigurationPlatforms) = preSolution
		Debug|Any CPU = Debug|Any CPU
		Release|Any CPU = Release|Any CPU
	EndGlobalSection
	GlobalSection(ProjectConfigurationPlatforms) = postSolution
		{4206DBAA-B70C-4202-9DB4-F93D9639E550}.Debug|Any CPU.ActiveCfg = Debug|Any CPU
		{4206DBAA-B70C-4202-9DB4-F93D9639E550}.Debug|Any CPU.Build.0 = Debug|Any CPU
		{4206DBAA-B70C-4202-9DB4-F93D9639E550}.Release|Any CPU.ActiveCfg = Release|Any CPU
		{4206DBAA-B70C-4202-9DB4-F93D9639E550}.Release|Any CPU.Build.0 = Release|Any CPU
	EndGlobalSection
	GlobalSection(SolutionProperties) = preSolution
		HideSolutionNode = FALSE
	EndGlobalSection
	GlobalSection(ExtensibilityGlobals) = postSolution
		SolutionGuid = {D8A8C54E-5561-495F-A7CC-2E1908805E53}
	EndGlobalSection
EndGlobal
