
Microsoft Visual Studio Solution File, Format Version 12.00
# Visual Studio Version 17
VisualStudioVersion = 17.3.32929.385
MinimumVisualStudioVersion = 10.0.40219.1
Project("{FAE04EC0-301F-11D3-BF4B-00C04F79EFBC}") = "labtask7B", "labtask7B.csproj", "{72880B54-EF4A-4008-B10C-D7760373FA6E}"
EndProject
Global
	GlobalSection(SolutionConfigurationPlatforms) = preSolution
		Debug|Any CPU = Debug|Any CPU
		Release|Any CPU = Release|Any CPU
	EndGlobalSection
	GlobalSection(ProjectConfigurationPlatforms) = postSolution
		{72880B54-EF4A-4008-B10C-D7760373FA6E}.Debug|Any CPU.ActiveCfg = Debug|Any CPU
		{72880B54-EF4A-4008-B10C-D7760373FA6E}.Debug|Any CPU.Build.0 = Debug|Any CPU
		{72880B54-EF4A-4008-B10C-D7760373FA6E}.Release|Any CPU.ActiveCfg = Release|Any CPU
		{72880B54-EF4A-4008-B10C-D7760373FA6E}.Release|Any CPU.Build.0 = Release|Any CPU
	EndGlobalSection
	GlobalSection(SolutionProperties) = preSolution
		HideSolutionNode = FALSE
	EndGlobalSection
	GlobalSection(ExtensibilityGlobals) = postSolution
		SolutionGuid = {917EFC34-90B9-4FCE-A5F0-D4A6258DF713}
	EndGlobalSection
EndGlobal
