
Microsoft Visual Studio Solution File, Format Version 12.00
# Visual Studio Version 17
VisualStudioVersion = 17.3.32929.385
MinimumVisualStudioVersion = 10.0.40219.1
Project("{FAE04EC0-301F-11D3-BF4B-00C04F79EFBC}") = "theory11", "theory11.csproj", "{56601AFF-5DCF-41D0-9C05-0FBE1219E08D}"
EndProject
Global
	GlobalSection(SolutionConfigurationPlatforms) = preSolution
		Debug|Any CPU = Debug|Any CPU
		Release|Any CPU = Release|Any CPU
	EndGlobalSection
	GlobalSection(ProjectConfigurationPlatforms) = postSolution
		{56601AFF-5DCF-41D0-9C05-0FBE1219E08D}.Debug|Any CPU.ActiveCfg = Debug|Any CPU
		{56601AFF-5DCF-41D0-9C05-0FBE1219E08D}.Debug|Any CPU.Build.0 = Debug|Any CPU
		{56601AFF-5DCF-41D0-9C05-0FBE1219E08D}.Release|Any CPU.ActiveCfg = Release|Any CPU
		{56601AFF-5DCF-41D0-9C05-0FBE1219E08D}.Release|Any CPU.Build.0 = Release|Any CPU
	EndGlobalSection
	GlobalSection(SolutionProperties) = preSolution
		HideSolutionNode = FALSE
	EndGlobalSection
	GlobalSection(ExtensibilityGlobals) = postSolution
		SolutionGuid = {B6139085-C456-426E-89E8-A674D888BEAB}
	EndGlobalSection
EndGlobal
