
Microsoft Visual Studio Solution File, Format Version 12.00
# Visual Studio Version 17
VisualStudioVersion = 17.3.32929.385
MinimumVisualStudioVersion = 10.0.40219.1
Project("{FAE04EC0-301F-11D3-BF4B-00C04F79EFBC}") = "labtask2b", "labtask2b\labtask2b.csproj", "{7B690F1B-6D52-4E49-848B-00EA878B59BA}"
EndProject
Global
	GlobalSection(SolutionConfigurationPlatforms) = preSolution
		Debug|Any CPU = Debug|Any CPU
		Release|Any CPU = Release|Any CPU
	EndGlobalSection
	GlobalSection(ProjectConfigurationPlatforms) = postSolution
		{7B690F1B-6D52-4E49-848B-00EA878B59BA}.Debug|Any CPU.ActiveCfg = Debug|Any CPU
		{7B690F1B-6D52-4E49-848B-00EA878B59BA}.Debug|Any CPU.Build.0 = Debug|Any CPU
		{7B690F1B-6D52-4E49-848B-00EA878B59BA}.Release|Any CPU.ActiveCfg = Release|Any CPU
		{7B690F1B-6D52-4E49-848B-00EA878B59BA}.Release|Any CPU.Build.0 = Release|Any CPU
	EndGlobalSection
	GlobalSection(SolutionProperties) = preSolution
		HideSolutionNode = FALSE
	EndGlobalSection
	GlobalSection(ExtensibilityGlobals) = postSolution
		SolutionGuid = {4FFD76C4-901E-49FA-A7AD-28A4838BF39D}
	EndGlobalSection
EndGlobal
